
Microsoft Visual Studio Solution File, Format Version 12.00
# Visual Studio Version 16
VisualStudioVersion = 16.0.31025.194
MinimumVisualStudioVersion = 10.0.40219.1
Project("{FAE04EC0-301F-11D3-BF4B-00C04F79EFBC}") = "Demo.ASP.MultipleForms", "Demo.ASP.MultipleForms\Demo.ASP.MultipleForms.csproj", "{95FF06C8-0F56-46B7-A78C-A03BC7388231}"
EndProject
Global
	GlobalSection(SolutionConfigurationPlatforms) = preSolution
		Debug|Any CPU = Debug|Any CPU
		Release|Any CPU = Release|Any CPU
	EndGlobalSection
	GlobalSection(ProjectConfigurationPlatforms) = postSolution
		{95FF06C8-0F56-46B7-A78C-A03BC7388231}.Debug|Any CPU.ActiveCfg = Debug|Any CPU
		{95FF06C8-0F56-46B7-A78C-A03BC7388231}.Debug|Any CPU.Build.0 = Debug|Any CPU
		{95FF06C8-0F56-46B7-A78C-A03BC7388231}.Release|Any CPU.ActiveCfg = Release|Any CPU
		{95FF06C8-0F56-46B7-A78C-A03BC7388231}.Release|Any CPU.Build.0 = Release|Any CPU
	EndGlobalSection
	GlobalSection(SolutionProperties) = preSolution
		HideSolutionNode = FALSE
	EndGlobalSection
	GlobalSection(ExtensibilityGlobals) = postSolution
		SolutionGuid = {E68BFB8B-3F45-4C70-8261-D25023175FBC}
	EndGlobalSection
EndGlobal
